// !$*UTF8*$!
{
	archiveVersion = 1;
	classes = {
	};
	objectVersion = 56;
	objects = {

/* Begin PBXBuildFile section */
		90B48A2129C978E700FF9283 /* projectDemoSDK.framework in Frameworks */ = {isa = PBXBuildFile; fileRef = 90B48A1829C978E700FF9283 /* projectDemoSDK.framework */; };
		90B48A2629C978E700FF9283 /* projectDemoSDKTests.swift in Sources */ = {isa = PBXBuildFile; fileRef = 90B48A2529C978E700FF9283 /* projectDemoSDKTests.swift */; };
		90B48A2729C978E700FF9283 /* projectDemoSDK.h in Headers */ = {isa = PBXBuildFile; fileRef = 90B48A1B29C978E700FF9283 /* projectDemoSDK.h */; settings = {ATTRIBUTES = (Public, ); }; };
		90B48A3329C9794100FF9283 /* projectDemoSDKTests.xctest in Resources */ = {isa = PBXBuildFile; fileRef = 90B48A2029C978E700FF9283 /* projectDemoSDKTests.xctest */; };
		90B48A5B29C97A6400FF9283 /* AppDelegate.swift in Sources */ = {isa = PBXBuildFile; fileRef = 90B48A5A29C97A6400FF9283 /* AppDelegate.swift */; };
		90B48A5D29C97A6400FF9283 /* SceneDelegate.swift in Sources */ = {isa = PBXBuildFile; fileRef = 90B48A5C29C97A6400FF9283 /* SceneDelegate.swift */; };
		90B48A5F29C97A6400FF9283 /* ViewController.swift in Sources */ = {isa = PBXBuildFile; fileRef = 90B48A5E29C97A6400FF9283 /* ViewController.swift */; };
		90B48A6229C97A6400FF9283 /* Main.storyboard in Resources */ = {isa = PBXBuildFile; fileRef = 90B48A6029C97A6400FF9283 /* Main.storyboard */; };
		90B48A6429C97A6500FF9283 /* Assets.xcassets in Resources */ = {isa = PBXBuildFile; fileRef = 90B48A6329C97A6500FF9283 /* Assets.xcassets */; };
		90B48A6729C97A6500FF9283 /* LaunchScreen.storyboard in Resources */ = {isa = PBXBuildFile; fileRef = 90B48A6529C97A6500FF9283 /* LaunchScreen.storyboard */; };
/* End PBXBuildFile section */

/* Begin PBXContainerItemProxy section */
		90B48A2229C978E700FF9283 /* PBXContainerItemProxy */ = {
			isa = PBXContainerItemProxy;
			containerPortal = 90B48A0F29C978E700FF9283 /* Project object */;
			proxyType = 1;
			remoteGlobalIDString = 90B48A1729C978E700FF9283;
			remoteInfo = projectDemoSDK;
		};
/* End PBXContainerItemProxy section */

/* Begin PBXFileReference section */
		90B48A1829C978E700FF9283 /* projectDemoSDK.framework */ = {isa = PBXFileReference; explicitFileType = wrapper.framework; includeInIndex = 0; path = projectDemoSDK.framework; sourceTree = BUILT_PRODUCTS_DIR; };
		90B48A1B29C978E700FF9283 /* projectDemoSDK.h */ = {isa = PBXFileReference; lastKnownFileType = sourcecode.c.h; path = projectDemoSDK.h; sourceTree = "<group>"; };
		90B48A2029C978E700FF9283 /* projectDemoSDKTests.xctest */ = {isa = PBXFileReference; explicitFileType = wrapper.cfbundle; includeInIndex = 0; path = projectDemoSDKTests.xctest; sourceTree = BUILT_PRODUCTS_DIR; };
		90B48A2529C978E700FF9283 /* projectDemoSDKTests.swift */ = {isa = PBXFileReference; lastKnownFileType = sourcecode.swift; path = projectDemoSDKTests.swift; sourceTree = "<group>"; };
		90B48A5829C97A6400FF9283 /* projectDemoSDKExample.app */ = {isa = PBXFileReference; explicitFileType = wrapper.application; includeInIndex = 0; path = projectDemoSDKExample.app; sourceTree = BUILT_PRODUCTS_DIR; };
		90B48A5A29C97A6400FF9283 /* AppDelegate.swift */ = {isa = PBXFileReference; lastKnownFileType = sourcecode.swift; path = AppDelegate.swift; sourceTree = "<group>"; };
		90B48A5C29C97A6400FF9283 /* SceneDelegate.swift */ = {isa = PBXFileReference; lastKnownFileType = sourcecode.swift; path = SceneDelegate.swift; sourceTree = "<group>"; };
		90B48A5E29C97A6400FF9283 /* ViewController.swift */ = {isa = PBXFileReference; lastKnownFileType = sourcecode.swift; path = ViewController.swift; sourceTree = "<group>"; };
		90B48A6129C97A6400FF9283 /* Base */ = {isa = PBXFileReference; lastKnownFileType = file.storyboard; name = Base; path = Base.lproj/Main.storyboard; sourceTree = "<group>"; };
		90B48A6329C97A6500FF9283 /* Assets.xcassets */ = {isa = PBXFileReference; lastKnownFileType = folder.assetcatalog; path = Assets.xcassets; sourceTree = "<group>"; };
		90B48A6629C97A6500FF9283 /* Base */ = {isa = PBXFileReference; lastKnownFileType = file.storyboard; name = Base; path = Base.lproj/LaunchScreen.storyboard; sourceTree = "<group>"; };
		90B48A6829C97A6500FF9283 /* Info.plist */ = {isa = PBXFileReference; lastKnownFileType = text.plist.xml; path = Info.plist; sourceTree = "<group>"; };
/* End PBXFileReference section */

/* Begin PBXFrameworksBuildPhase section */
		90B48A1529C978E700FF9283 /* Frameworks */ = {
			isa = PBXFrameworksBuildPhase;
			buildActionMask = 2147483647;
			files = (
			);
			runOnlyForDeploymentPostprocessing = 0;
		};
		90B48A1D29C978E700FF9283 /* Frameworks */ = {
			isa = PBXFrameworksBuildPhase;
			buildActionMask = 2147483647;
			files = (
				90B48A2129C978E700FF9283 /* projectDemoSDK.framework in Frameworks */,
			);
			runOnlyForDeploymentPostprocessing = 0;
		};
		90B48A5529C97A6400FF9283 /* Frameworks */ = {
			isa = PBXFrameworksBuildPhase;
			buildActionMask = 2147483647;
			files = (
			);
			runOnlyForDeploymentPostprocessing = 0;
		};
/* End PBXFrameworksBuildPhase section */

/* Begin PBXGroup section */
		90B48A0E29C978E700FF9283 = {
			isa = PBXGroup;
			children = (
				90B48A1A29C978E700FF9283 /* projectDemoSDK */,
				90B48A2429C978E700FF9283 /* projectDemoSDKTests */,
				90B48A5929C97A6400FF9283 /* projectDemoSDKExample */,
				90B48A1929C978E700FF9283 /* Products */,
				90B48A3029C9791600FF9283 /* Frameworks */,
			);
			sourceTree = "<group>";
		};
		90B48A1929C978E700FF9283 /* Products */ = {
			isa = PBXGroup;
			children = (
				90B48A1829C978E700FF9283 /* projectDemoSDK.framework */,
				90B48A2029C978E700FF9283 /* projectDemoSDKTests.xctest */,
				90B48A5829C97A6400FF9283 /* projectDemoSDKExample.app */,
			);
			name = Products;
			sourceTree = "<group>";
		};
		90B48A1A29C978E700FF9283 /* projectDemoSDK */ = {
			isa = PBXGroup;
			children = (
				90B48A1B29C978E700FF9283 /* projectDemoSDK.h */,
			);
			path = projectDemoSDK;
			sourceTree = "<group>";
		};
		90B48A2429C978E700FF9283 /* projectDemoSDKTests */ = {
			isa = PBXGroup;
			children = (
				90B48A2529C978E700FF9283 /* projectDemoSDKTests.swift */,
			);
			path = projectDemoSDKTests;
			sourceTree = "<group>";
		};
		90B48A3029C9791600FF9283 /* Frameworks */ = {
			isa = PBXGroup;
			children = (
			);
			name = Frameworks;
			sourceTree = "<group>";
		};
		90B48A5929C97A6400FF9283 /* projectDemoSDKExample */ = {
			isa = PBXGroup;
			children = (
				90B48A5A29C97A6400FF9283 /* AppDelegate.swift */,
				90B48A5C29C97A6400FF9283 /* SceneDelegate.swift */,
				90B48A5E29C97A6400FF9283 /* ViewController.swift */,
				90B48A6029C97A6400FF9283 /* Main.storyboard */,
				90B48A6329C97A6500FF9283 /* Assets.xcassets */,
				90B48A6529C97A6500FF9283 /* LaunchScreen.storyboard */,
				90B48A6829C97A6500FF9283 /* Info.plist */,
			);
			path = projectDemoSDKExample;
			sourceTree = "<group>";
		};
/* End PBXGroup section */

/* Begin PBXHeadersBuildPhase section */
		90B48A1329C978E700FF9283 /* Headers */ = {
			isa = PBXHeadersBuildPhase;
			buildActionMask = 2147483647;
			files = (
				90B48A2729C978E700FF9283 /* projectDemoSDK.h in Headers */,
			);
			runOnlyForDeploymentPostprocessing = 0;
		};
/* End PBXHeadersBuildPhase section */

/* Begin PBXNativeTarget section */
		90B48A1729C978E700FF9283 /* projectDemoSDK */ = {
			isa = PBXNativeTarget;
			buildConfigurationList = 90B48A2A29C978E700FF9283 /* Build configuration list for PBXNativeTarget "projectDemoSDK" */;
			buildPhases = (
				90B48A1329C978E700FF9283 /* Headers */,
				90B48A1429C978E700FF9283 /* Sources */,
				90B48A1529C978E700FF9283 /* Frameworks */,
				90B48A1629C978E700FF9283 /* Resources */,
			);
			buildRules = (
			);
			dependencies = (
			);
			name = projectDemoSDK;
			productName = projectDemoSDK;
			productReference = 90B48A1829C978E700FF9283 /* projectDemoSDK.framework */;
			productType = "com.apple.product-type.framework";
		};
		90B48A1F29C978E700FF9283 /* projectDemoSDKTests */ = {
			isa = PBXNativeTarget;
			buildConfigurationList = 90B48A2D29C978E700FF9283 /* Build configuration list for PBXNativeTarget "projectDemoSDKTests" */;
			buildPhases = (
				90B48A1C29C978E700FF9283 /* Sources */,
				90B48A1D29C978E700FF9283 /* Frameworks */,
				90B48A1E29C978E700FF9283 /* Resources */,
			);
			buildRules = (
			);
			dependencies = (
				90B48A2329C978E700FF9283 /* PBXTargetDependency */,
			);
			name = projectDemoSDKTests;
			productName = projectDemoSDKTests;
			productReference = 90B48A2029C978E700FF9283 /* projectDemoSDKTests.xctest */;
			productType = "com.apple.product-type.bundle.unit-test";
		};
		90B48A5729C97A6400FF9283 /* projectDemoSDKExample */ = {
			isa = PBXNativeTarget;
			buildConfigurationList = 90B48A6929C97A6500FF9283 /* Build configuration list for PBXNativeTarget "projectDemoSDKExample" */;
			buildPhases = (
				90B48A5429C97A6400FF9283 /* Sources */,
				90B48A5529C97A6400FF9283 /* Frameworks */,
				90B48A5629C97A6400FF9283 /* Resources */,
			);
			buildRules = (
			);
			dependencies = (
			);
			name = projectDemoSDKExample;
			productName = projectDemoSDKExample;
			productReference = 90B48A5829C97A6400FF9283 /* projectDemoSDKExample.app */;
			productType = "com.apple.product-type.application";
		};
/* End PBXNativeTarget section */

/* Begin PBXProject section */
		90B48A0F29C978E700FF9283 /* Project object */ = {
			isa = PBXProject;
			attributes = {
				BuildIndependentTargetsInParallel = 1;
				LastSwiftUpdateCheck = 1420;
				LastUpgradeCheck = 1420;
				TargetAttributes = {
					90B48A1729C978E700FF9283 = {
						CreatedOnToolsVersion = 14.2;
					};
					90B48A1F29C978E700FF9283 = {
						CreatedOnToolsVersion = 14.2;
					};
					90B48A5729C97A6400FF9283 = {
						CreatedOnToolsVersion = 14.2;
					};
				};
			};
			buildConfigurationList = 90B48A1229C978E700FF9283 /* Build configuration list for PBXProject "projectDemoSDK" */;
			compatibilityVersion = "Xcode 14.0";
			developmentRegion = en;
			hasScannedForEncodings = 0;
			knownRegions = (
				en,
				Base,
			);
			mainGroup = 90B48A0E29C978E700FF9283;
			productRefGroup = 90B48A1929C978E700FF9283 /* Products */;
			projectDirPath = "";
			projectRoot = "";
			targets = (
				90B48A1729C978E700FF9283 /* projectDemoSDK */,
				90B48A1F29C978E700FF9283 /* projectDemoSDKTests */,
				90B48A5729C97A6400FF9283 /* projectDemoSDKExample */,
			);
		};
/* End PBXProject section */

/* Begin PBXResourcesBuildPhase section */
		90B48A1629C978E700FF9283 /* Resources */ = {
			isa = PBXResourcesBuildPhase;
			buildActionMask = 2147483647;
			files = (
			);
			runOnlyForDeploymentPostprocessing = 0;
		};
		90B48A1E29C978E700FF9283 /* Resources */ = {
			isa = PBXResourcesBuildPhase;
			buildActionMask = 2147483647;
			files = (
				90B48A3329C9794100FF9283 /* projectDemoSDKTests.xctest in Resources */,
			);
			runOnlyForDeploymentPostprocessing = 0;
		};
		90B48A5629C97A6400FF9283 /* Resources */ = {
			isa = PBXResourcesBuildPhase;
			buildActionMask = 2147483647;
			files = (
				90B48A6729C97A6500FF9283 /* LaunchScreen.storyboard in Resources */,
				90B48A6429C97A6500FF9283 /* Assets.xcassets in Resources */,
				90B48A6229C97A6400FF9283 /* Main.storyboard in Resources */,
			);
			runOnlyForDeploymentPostprocessing = 0;
		};
/* End PBXResourcesBuildPhase section */

/* Begin PBXSourcesBuildPhase section */
		90B48A1429C978E700FF9283 /* Sources */ = {
			isa = PBXSourcesBuildPhase;
			buildActionMask = 2147483647;
			files = (
			);
			runOnlyForDeploymentPostprocessing = 0;
		};
		90B48A1C29C978E700FF9283 /* Sources */ = {
			isa = PBXSourcesBuildPhase;
			buildActionMask = 2147483647;
			files = (
				90B48A2629C978E700FF9283 /* projectDemoSDKTests.swift in Sources */,
			);
			runOnlyForDeploymentPostprocessing = 0;
		};
		90B48A5429C97A6400FF9283 /* Sources */ = {
			isa = PBXSourcesBuildPhase;
			buildActionMask = 2147483647;
			files = (
				90B48A5F29C97A6400FF9283 /* ViewController.swift in Sources */,
				90B48A5B29C97A6400FF9283 /* AppDelegate.swift in Sources */,
				90B48A5D29C97A6400FF9283 /* SceneDelegate.swift in Sources */,
			);
			runOnlyForDeploymentPostprocessing = 0;
		};
/* End PBXSourcesBuildPhase section */

/* Begin PBXTargetDependency section */
		90B48A2329C978E700FF9283 /* PBXTargetDependency */ = {
			isa = PBXTargetDependency;
			target = 90B48A1729C978E700FF9283 /* projectDemoSDK */;
			targetProxy = 90B48A2229C978E700FF9283 /* PBXContainerItemProxy */;
		};
/* End PBXTargetDependency section */

/* Begin PBXVariantGroup section */
		90B48A6029C97A6400FF9283 /* Main.storyboard */ = {
			isa = PBXVariantGroup;
			children = (
				90B48A6129C97A6400FF9283 /* Base */,
			);
			name = Main.storyboard;
			sourceTree = "<group>";
		};
		90B48A6529C97A6500FF9283 /* LaunchScreen.storyboard */ = {
			isa = PBXVariantGroup;
			children = (
				90B48A6629C97A6500FF9283 /* Base */,
			);
			name = LaunchScreen.storyboard;
			sourceTree = "<group>";
		};
/* End PBXVariantGroup section */

/* Begin XCBuildConfiguration section */
		90B48A2829C978E700FF9283 /* Debug */ = {
			isa = XCBuildConfiguration;
			buildSettings = {
				ALWAYS_SEARCH_USER_PATHS = NO;
				CLANG_ANALYZER_NONNULL = YES;
				CLANG_ANALYZER_NUMBER_OBJECT_CONVERSION = YES_AGGRESSIVE;
				CLANG_CXX_LANGUAGE_STANDARD = "gnu++20";
				CLANG_ENABLE_MODULES = YES;
				CLANG_ENABLE_OBJC_ARC = YES;
				CLANG_ENABLE_OBJC_WEAK = YES;
				CLANG_WARN_BLOCK_CAPTURE_AUTORELEASING = YES;
				CLANG_WARN_BOOL_CONVERSION = YES;
				CLANG_WARN_COMMA = YES;
				CLANG_WARN_CONSTANT_CONVERSION = YES;
				CLANG_WARN_DEPRECATED_OBJC_IMPLEMENTATIONS = YES;
				CLANG_WARN_DIRECT_OBJC_ISA_USAGE = YES_ERROR;
				CLANG_WARN_DOCUMENTATION_COMMENTS = YES;
				CLANG_WARN_EMPTY_BODY = YES;
				CLANG_WARN_ENUM_CONVERSION = YES;
				CLANG_WARN_INFINITE_RECURSION = YES;
				CLANG_WARN_INT_CONVERSION = YES;
				CLANG_WARN_NON_LITERAL_NULL_CONVERSION = YES;
				CLANG_WARN_OBJC_IMPLICIT_RETAIN_SELF = YES;
				CLANG_WARN_OBJC_LITERAL_CONVERSION = YES;
				CLANG_WARN_OBJC_ROOT_CLASS = YES_ERROR;
				CLANG_WARN_QUOTED_INCLUDE_IN_FRAMEWORK_HEADER = YES;
				CLANG_WARN_RANGE_LOOP_ANALYSIS = YES;
				CLANG_WARN_STRICT_PROTOTYPES = YES;
				CLANG_WARN_SUSPICIOUS_MOVE = YES;
				CLANG_WARN_UNGUARDED_AVAILABILITY = YES_AGGRESSIVE;
				CLANG_WARN_UNREACHABLE_CODE = YES;
				CLANG_WARN__DUPLICATE_METHOD_MATCH = YES;
				COPY_PHASE_STRIP = NO;
				CURRENT_PROJECT_VERSION = 1;
				DEBUG_INFORMATION_FORMAT = dwarf;
				ENABLE_STRICT_OBJC_MSGSEND = YES;
				ENABLE_TESTABILITY = YES;
				GCC_C_LANGUAGE_STANDARD = gnu11;
				GCC_DYNAMIC_NO_PIC = NO;
				GCC_NO_COMMON_BLOCKS = YES;
				GCC_OPTIMIZATION_LEVEL = 0;
				GCC_PREPROCESSOR_DEFINITIONS = (
					"DEBUG=1",
					"$(inherited)",
				);
				GCC_WARN_64_TO_32_BIT_CONVERSION = YES;
				GCC_WARN_ABOUT_RETURN_TYPE = YES_ERROR;
				GCC_WARN_UNDECLARED_SELECTOR = YES;
				GCC_WARN_UNINITIALIZED_AUTOS = YES_AGGRESSIVE;
				GCC_WARN_UNUSED_FUNCTION = YES;
				GCC_WARN_UNUSED_VARIABLE = YES;
				IPHONEOS_DEPLOYMENT_TARGET = 13.2;
				MTL_ENABLE_DEBUG_INFO = INCLUDE_SOURCE;
				MTL_FAST_MATH = YES;
				ONLY_ACTIVE_ARCH = YES;
				SDKROOT = iphoneos;
				SWIFT_ACTIVE_COMPILATION_CONDITIONS = DEBUG;
				SWIFT_OPTIMIZATION_LEVEL = "-Onone";
				VERSIONING_SYSTEM = "apple-generic";
				VERSION_INFO_PREFIX = "";
			};
			name = Debug;
		};
		90B48A2929C978E700FF9283 /* Release */ = {
			isa = XCBuildConfiguration;
			buildSettings = {
				ALWAYS_SEARCH_USER_PATHS = NO;
				CLANG_ANALYZER_NONNULL = YES;
				CLANG_ANALYZER_NUMBER_OBJECT_CONVERSION = YES_AGGRESSIVE;
				CLANG_CXX_LANGUAGE_STANDARD = "gnu++20";
				CLANG_ENABLE_MODULES = YES;
				CLANG_ENABLE_OBJC_ARC = YES;
				CLANG_ENABLE_OBJC_WEAK = YES;
				CLANG_WARN_BLOCK_CAPTURE_AUTORELEASING = YES;
				CLANG_WARN_BOOL_CONVERSION = YES;
				CLANG_WARN_COMMA = YES;
				CLANG_WARN_CONSTANT_CONVERSION = YES;
				CLANG_WARN_DEPRECATED_OBJC_IMPLEMENTATIONS = YES;
				CLANG_WARN_DIRECT_OBJC_ISA_USAGE = YES_ERROR;
				CLANG_WARN_DOCUMENTATION_COMMENTS = YES;
				CLANG_WARN_EMPTY_BODY = YES;
				CLANG_WARN_ENUM_CONVERSION = YES;
				CLANG_WARN_INFINITE_RECURSION = YES;
				CLANG_WARN_INT_CONVERSION = YES;
				CLANG_WARN_NON_LITERAL_NULL_CONVERSION = YES;
				CLANG_WARN_OBJC_IMPLICIT_RETAIN_SELF = YES;
				CLANG_WARN_OBJC_LITERAL_CONVERSION = YES;
				CLANG_WARN_OBJC_ROOT_CLASS = YES_ERROR;
				CLANG_WARN_QUOTED_INCLUDE_IN_FRAMEWORK_HEADER = YES;
				CLANG_WARN_RANGE_LOOP_ANALYSIS = YES;
				CLANG_WARN_STRICT_PROTOTYPES = YES;
				CLANG_WARN_SUSPICIOUS_MOVE = YES;
				CLANG_WARN_UNGUARDED_AVAILABILITY = YES_AGGRESSIVE;
				CLANG_WARN_UNREACHABLE_CODE = YES;
				CLANG_WARN__DUPLICATE_METHOD_MATCH = YES;
				COPY_PHASE_STRIP = NO;
				CURRENT_PROJECT_VERSION = 1;
				DEBUG_INFORMATION_FORMAT = "dwarf-with-dsym";
				ENABLE_NS_ASSERTIONS = NO;
				ENABLE_STRICT_OBJC_MSGSEND = YES;
				GCC_C_LANGUAGE_STANDARD = gnu11;
				GCC_NO_COMMON_BLOCKS = YES;
				GCC_WARN_64_TO_32_BIT_CONVERSION = YES;
				GCC_WARN_ABOUT_RETURN_TYPE = YES_ERROR;
				GCC_WARN_UNDECLARED_SELECTOR = YES;
				GCC_WARN_UNINITIALIZED_AUTOS = YES_AGGRESSIVE;
				GCC_WARN_UNUSED_FUNCTION = YES;
				GCC_WARN_UNUSED_VARIABLE = YES;
				IPHONEOS_DEPLOYMENT_TARGET = 13.2;
				MTL_ENABLE_DEBUG_INFO = NO;
				MTL_FAST_MATH = YES;
				SDKROOT = iphoneos;
				SWIFT_COMPILATION_MODE = wholemodule;
				SWIFT_OPTIMIZATION_LEVEL = "-O";
				VALIDATE_PRODUCT = YES;
				VERSIONING_SYSTEM = "apple-generic";
				VERSION_INFO_PREFIX = "";
			};
			name = Release;
		};
		90B48A2B29C978E700FF9283 /* Debug */ = {
			isa = XCBuildConfiguration;
			buildSettings = {
				CODE_SIGN_STYLE = Automatic;
				CURRENT_PROJECT_VERSION = 1;
				DEFINES_MODULE = YES;
				DEVELOPMENT_TEAM = L5528DT8XG;
				DYLIB_COMPATIBILITY_VERSION = 1;
				DYLIB_CURRENT_VERSION = 1;
				DYLIB_INSTALL_NAME_BASE = "@rpath";
				GENERATE_INFOPLIST_FILE = YES;
				INFOPLIST_KEY_NSHumanReadableCopyright = "";
				INSTALL_PATH = "$(LOCAL_LIBRARY_DIR)/Frameworks";
				IPHONEOS_DEPLOYMENT_TARGET = 13.2;
				LD_RUNPATH_SEARCH_PATHS = (
					"$(inherited)",
					"@executable_path/Frameworks",
					"@loader_path/Frameworks",
				);
				MARKETING_VERSION = 1.0;
				PRODUCT_BUNDLE_IDENTIFIER = projectDemoSDK.projectDemoSDK;
				PRODUCT_NAME = "$(TARGET_NAME:c99extidentifier)";
				SKIP_INSTALL = YES;
				SUPPORTED_PLATFORMS = "iphoneos iphonesimulator";
				SUPPORTS_MACCATALYST = NO;
				SUPPORTS_MAC_DESIGNED_FOR_IPHONE_IPAD = NO;
				SWIFT_EMIT_LOC_STRINGS = YES;
				SWIFT_VERSION = 5.0;
				TARGETED_DEVICE_FAMILY = 1;
			};
			name = Debug;
		};
		90B48A2C29C978E700FF9283 /* Release */ = {
			isa = XCBuildConfiguration;
			buildSettings = {
				CODE_SIGN_STYLE = Automatic;
				CURRENT_PROJECT_VERSION = 1;
				DEFINES_MODULE = YES;
				DEVELOPMENT_TEAM = L5528DT8XG;
				DYLIB_COMPATIBILITY_VERSION = 1;
				DYLIB_CURRENT_VERSION = 1;
				DYLIB_INSTALL_NAME_BASE = "@rpath";
				GENERATE_INFOPLIST_FILE = YES;
				INFOPLIST_KEY_NSHumanReadableCopyright = "";
				INSTALL_PATH = "$(LOCAL_LIBRARY_DIR)/Frameworks";
				IPHONEOS_DEPLOYMENT_TARGET = 13.2;
				LD_RUNPATH_SEARCH_PATHS = (
					"$(inherited)",
					"@executable_path/Frameworks",
					"@loader_path/Frameworks",
				);
				MARKETING_VERSION = 1.0;
				PRODUCT_BUNDLE_IDENTIFIER = projectDemoSDK.projectDemoSDK;
				PRODUCT_NAME = "$(TARGET_NAME:c99extidentifier)";
				SKIP_INSTALL = YES;
				SUPPORTED_PLATFORMS = "iphoneos iphonesimulator";
				SUPPORTS_MACCATALYST = NO;
				SUPPORTS_MAC_DESIGNED_FOR_IPHONE_IPAD = NO;
				SWIFT_EMIT_LOC_STRINGS = YES;
				SWIFT_VERSION = 5.0;
				TARGETED_DEVICE_FAMILY = 1;
			};
			name = Release;
		};
		90B48A2E29C978E700FF9283 /* Debug */ = {
			isa = XCBuildConfiguration;
			buildSettings = {
				CODE_SIGN_STYLE = Automatic;
				CURRENT_PROJECT_VERSION = 1;
				DEVELOPMENT_TEAM = L5528DT8XG;
				GENERATE_INFOPLIST_FILE = YES;
				MARKETING_VERSION = 1.0;
				PRODUCT_BUNDLE_IDENTIFIER = projectDemoSDK.projectDemoSDKTests;
				PRODUCT_NAME = "$(TARGET_NAME)";
				SWIFT_EMIT_LOC_STRINGS = NO;
				SWIFT_VERSION = 5.0;
				TARGETED_DEVICE_FAMILY = "1,2";
			};
			name = Debug;
		};
		90B48A2F29C978E700FF9283 /* Release */ = {
			isa = XCBuildConfiguration;
			buildSettings = {
				CODE_SIGN_STYLE = Automatic;
				CURRENT_PROJECT_VERSION = 1;
				DEVELOPMENT_TEAM = L5528DT8XG;
				GENERATE_INFOPLIST_FILE = YES;
				MARKETING_VERSION = 1.0;
				PRODUCT_BUNDLE_IDENTIFIER = projectDemoSDK.projectDemoSDKTests;
				PRODUCT_NAME = "$(TARGET_NAME)";
				SWIFT_EMIT_LOC_STRINGS = NO;
				SWIFT_VERSION = 5.0;
				TARGETED_DEVICE_FAMILY = "1,2";
			};
			name = Release;
		};
		90B48A6A29C97A6500FF9283 /* Debug */ = {
			isa = XCBuildConfiguration;
			buildSettings = {
				ASSETCATALOG_COMPILER_APPICON_NAME = AppIcon;
				ASSETCATALOG_COMPILER_GLOBAL_ACCENT_COLOR_NAME = AccentColor;
				CODE_SIGN_STYLE = Automatic;
				CURRENT_PROJECT_VERSION = 1;
				DEVELOPMENT_TEAM = L5528DT8XG;
				GENERATE_INFOPLIST_FILE = YES;
				INFOPLIST_FILE = projectDemoSDKExample/Info.plist;
				INFOPLIST_KEY_UIApplicationSupportsIndirectInputEvents = YES;
				INFOPLIST_KEY_UILaunchStoryboardName = LaunchScreen;
				INFOPLIST_KEY_UIMainStoryboardFile = Main;
				INFOPLIST_KEY_UISupportedInterfaceOrientations_iPad = "UIInterfaceOrientationPortrait UIInterfaceOrientationPortraitUpsideDown UIInterfaceOrientationLandscapeLeft UIInterfaceOrientationLandscapeRight";
				INFOPLIST_KEY_UISupportedInterfaceOrientations_iPhone = "UIInterfaceOrientationPortrait UIInterfaceOrientationLandscapeLeft UIInterfaceOrientationLandscapeRight";
				IPHONEOS_DEPLOYMENT_TARGET = 13.2;
				LD_RUNPATH_SEARCH_PATHS = (
					"$(inherited)",
					"@executable_path/Frameworks",
				);
				MARKETING_VERSION = 1.0;
				PRODUCT_BUNDLE_IDENTIFIER = projectDemoSDK.projectDemoSDKExample;
				PRODUCT_NAME = "$(TARGET_NAME)";
				SUPPORTED_PLATFORMS = "iphoneos iphonesimulator";
				SUPPORTS_MACCATALYST = NO;
				SUPPORTS_MAC_DESIGNED_FOR_IPHONE_IPAD = NO;
				SWIFT_EMIT_LOC_STRINGS = YES;
				SWIFT_VERSION = 5.0;
				TARGETED_DEVICE_FAMILY = 1;
			};
			name = Debug;
		};
		90B48A6B29C97A6500FF9283 /* Release */ = {
			isa = XCBuildConfiguration;
			buildSettings = {
				ASSETCATALOG_COMPILER_APPICON_NAME = AppIcon;
				ASSETCATALOG_COMPILER_GLOBAL_ACCENT_COLOR_NAME = AccentColor;
				CODE_SIGN_STYLE = Automatic;
				CURRENT_PROJECT_VERSION = 1;
				DEVELOPMENT_TEAM = L5528DT8XG;
				GENERATE_INFOPLIST_FILE = YES;
				INFOPLIST_FILE = projectDemoSDKExample/Info.plist;
				INFOPLIST_KEY_UIApplicationSupportsIndirectInputEvents = YES;
				INFOPLIST_KEY_UILaunchStoryboardName = LaunchScreen;
				INFOPLIST_KEY_UIMainStoryboardFile = Main;
				INFOPLIST_KEY_UISupportedInterfaceOrientations_iPad = "UIInterfaceOrientationPortrait UIInterfaceOrientationPortraitUpsideDown UIInterfaceOrientationLandscapeLeft UIInterfaceOrientationLandscapeRight";
				INFOPLIST_KEY_UISupportedInterfaceOrientations_iPhone = "UIInterfaceOrientationPortrait UIInterfaceOrientationLandscapeLeft UIInterfaceOrientationLandscapeRight";
				IPHONEOS_DEPLOYMENT_TARGET = 13.2;
				LD_RUNPATH_SEARCH_PATHS = (
					"$(inherited)",
					"@executable_path/Frameworks",
				);
				MARKETING_VERSION = 1.0;
				PRODUCT_BUNDLE_IDENTIFIER = projectDemoSDK.projectDemoSDKExample;
				PRODUCT_NAME = "$(TARGET_NAME)";
				SUPPORTED_PLATFORMS = "iphoneos iphonesimulator";
				SUPPORTS_MACCATALYST = NO;
				SUPPORTS_MAC_DESIGNED_FOR_IPHONE_IPAD = NO;
				SWIFT_EMIT_LOC_STRINGS = YES;
				SWIFT_VERSION = 5.0;
				TARGETED_DEVICE_FAMILY = 1;
			};
			name = Release;
		};
/* End XCBuildConfiguration section */

/* Begin XCConfigurationList section */
		90B48A1229C978E700FF9283 /* Build configuration list for PBXProject "projectDemoSDK" */ = {
			isa = XCConfigurationList;
			buildConfigurations = (
				90B48A2829C978E700FF9283 /* Debug */,
				90B48A2929C978E700FF9283 /* Release */,
			);
			defaultConfigurationIsVisible = 0;
			defaultConfigurationName = Release;
		};
		90B48A2A29C978E700FF9283 /* Build configuration list for PBXNativeTarget "projectDemoSDK" */ = {
			isa = XCConfigurationList;
			buildConfigurations = (
				90B48A2B29C978E700FF9283 /* Debug */,
				90B48A2C29C978E700FF9283 /* Release */,
			);
			defaultConfigurationIsVisible = 0;
			defaultConfigurationName = Release;
		};
		90B48A2D29C978E700FF9283 /* Build configuration list for PBXNativeTarget "projectDemoSDKTests" */ = {
			isa = XCConfigurationList;
			buildConfigurations = (
				90B48A2E29C978E700FF9283 /* Debug */,
				90B48A2F29C978E700FF9283 /* Release */,
			);
			defaultConfigurationIsVisible = 0;
			defaultConfigurationName = Release;
		};
		90B48A6929C97A6500FF9283 /* Build configuration list for PBXNativeTarget "projectDemoSDKExample" */ = {
			isa = XCConfigurationList;
			buildConfigurations = (
				90B48A6A29C97A6500FF9283 /* Debug */,
				90B48A6B29C97A6500FF9283 /* Release */,
			);
			defaultConfigurationIsVisible = 0;
			defaultConfigurationName = Release;
		};
/* End XCConfigurationList section */
	};
	rootObject = 90B48A0F29C978E700FF9283 /* Project object */;
}
